
Microsoft Visual Studio Solution File, Format Version 12.00
# Visual Studio 14
VisualStudioVersion = 14.0.25123.0
MinimumVisualStudioVersion = 10.0.40219.1
Project("{FAE04EC0-301F-11D3-BF4B-00C04F79EFBC}") = "WebSATI", "WebSATI\WebSATI.csproj", "{FD164BFC-1E70-4748-9AE2-CC72195EDDF3}"
EndProject
Project("{FAE04EC0-301F-11D3-BF4B-00C04F79EFBC}") = "SATI.Common", "SATI.Common\SATI.Common.csproj", "{3AB92CB4-DDB3-4B58-BFCB-54564294AEAE}"
EndProject
Project("{FAE04EC0-301F-11D3-BF4B-00C04F79EFBC}") = "SATI.Services", "SATI.Services\SATI.Services.csproj", "{C18891CD-71B3-4BA1-84A5-5971170108E6}"
EndProject
Global
	GlobalSection(SolutionConfigurationPlatforms) = preSolution
		Debug|Any CPU = Debug|Any CPU
		Release|Any CPU = Release|Any CPU
	EndGlobalSection
	GlobalSection(ProjectConfigurationPlatforms) = postSolution
		{FD164BFC-1E70-4748-9AE2-CC72195EDDF3}.Debug|Any CPU.ActiveCfg = Debug|Any CPU
		{FD164BFC-1E70-4748-9AE2-CC72195EDDF3}.Debug|Any CPU.Build.0 = Debug|Any CPU
		{FD164BFC-1E70-4748-9AE2-CC72195EDDF3}.Release|Any CPU.ActiveCfg = Release|Any CPU
		{FD164BFC-1E70-4748-9AE2-CC72195EDDF3}.Release|Any CPU.Build.0 = Release|Any CPU
		{3AB92CB4-DDB3-4B58-BFCB-54564294AEAE}.Debug|Any CPU.ActiveCfg = Debug|Any CPU
		{3AB92CB4-DDB3-4B58-BFCB-54564294AEAE}.Debug|Any CPU.Build.0 = Debug|Any CPU
		{3AB92CB4-DDB3-4B58-BFCB-54564294AEAE}.Release|Any CPU.ActiveCfg = Release|Any CPU
		{3AB92CB4-DDB3-4B58-BFCB-54564294AEAE}.Release|Any CPU.Build.0 = Release|Any CPU
		{C18891CD-71B3-4BA1-84A5-5971170108E6}.Debug|Any CPU.ActiveCfg = Debug|Any CPU
		{C18891CD-71B3-4BA1-84A5-5971170108E6}.Debug|Any CPU.Build.0 = Debug|Any CPU
		{C18891CD-71B3-4BA1-84A5-5971170108E6}.Release|Any CPU.ActiveCfg = Release|Any CPU
		{C18891CD-71B3-4BA1-84A5-5971170108E6}.Release|Any CPU.Build.0 = Release|Any CPU
	EndGlobalSection
	GlobalSection(SolutionProperties) = preSolution
		HideSolutionNode = FALSE
	EndGlobalSection
EndGlobal
